
Microsoft Visual Studio Solution File, Format Version 12.00
# Visual Studio Version 17
VisualStudioVersion = 17.14.36121.58 d17.14
MinimumVisualStudioVersion = 10.0.40219.1
Project("{FAE04EC0-301F-11D3-BF4B-00C04F79EFBC}") = "BookApi", "BookApi\BookApi.csproj", "{05CFF2E0-2510-4A49-992E-2FCB8BB1259C}"
EndProject
Global
	GlobalSection(SolutionConfigurationPlatforms) = preSolution
		Debug|Any CPU = Debug|Any CPU
		Release|Any CPU = Release|Any CPU
	EndGlobalSection
	GlobalSection(ProjectConfigurationPlatforms) = postSolution
		{05CFF2E0-2510-4A49-992E-2FCB8BB1259C}.Debug|Any CPU.ActiveCfg = Debug|Any CPU
		{05CFF2E0-2510-4A49-992E-2FCB8BB1259C}.Debug|Any CPU.Build.0 = Debug|Any CPU
		{05CFF2E0-2510-4A49-992E-2FCB8BB1259C}.Release|Any CPU.ActiveCfg = Release|Any CPU
		{05CFF2E0-2510-4A49-992E-2FCB8BB1259C}.Release|Any CPU.Build.0 = Release|Any CPU
	EndGlobalSection
	GlobalSection(SolutionProperties) = preSolution
		HideSolutionNode = FALSE
	EndGlobalSection
	GlobalSection(ExtensibilityGlobals) = postSolution
		SolutionGuid = {E5B1035C-D03F-4117-88E7-EC4E26BB5CB3}
	EndGlobalSection
EndGlobal
