
Microsoft Visual Studio Solution File, Format Version 12.00
# Visual Studio Version 17
VisualStudioVersion = 17.14.36121.58 d17.14
MinimumVisualStudioVersion = 10.0.40219.1
Project("{FAE04EC0-301F-11D3-BF4B-00C04F79EFBC}") = "BooksApi", "BooksApi\BooksApi.csproj", "{A8BF76E0-C39A-4261-B3F8-BDA044244761}"
EndProject
Global
	GlobalSection(SolutionConfigurationPlatforms) = preSolution
		Debug|Any CPU = Debug|Any CPU
		Release|Any CPU = Release|Any CPU
	EndGlobalSection
	GlobalSection(ProjectConfigurationPlatforms) = postSolution
		{A8BF76E0-C39A-4261-B3F8-BDA044244761}.Debug|Any CPU.ActiveCfg = Debug|Any CPU
		{A8BF76E0-C39A-4261-B3F8-BDA044244761}.Debug|Any CPU.Build.0 = Debug|Any CPU
		{A8BF76E0-C39A-4261-B3F8-BDA044244761}.Release|Any CPU.ActiveCfg = Release|Any CPU
		{A8BF76E0-C39A-4261-B3F8-BDA044244761}.Release|Any CPU.Build.0 = Release|Any CPU
	EndGlobalSection
	GlobalSection(SolutionProperties) = preSolution
		HideSolutionNode = FALSE
	EndGlobalSection
	GlobalSection(ExtensibilityGlobals) = postSolution
		SolutionGuid = {1508B2F6-0F38-4D10-B4DA-C3E4FE09D0E7}
	EndGlobalSection
EndGlobal
